
Microsoft Visual Studio Solution File, Format Version 12.00
# Visual Studio Version 17
VisualStudioVersion = 17.5.33530.505
MinimumVisualStudioVersion = 10.0.40219.1
Project("{9A19103F-16F7-4668-BE54-9A1E7A4F7556}") = "VerifyEmailForgotPassword", "VerifyEmailForgotPassword\VerifyEmailForgotPassword.csproj", "{3B0113DD-C994-4711-9867-2BBAA090E8DC}"
EndProject
Project("{FAE04EC0-301F-11D3-BF4B-00C04F79EFBC}") = "EmailApp", "EmailApp\EmailApp.csproj", "{0485D9CA-FAC6-4E9B-8D26-C9A6F1B19458}"
EndProject
Global
	GlobalSection(SolutionConfigurationPlatforms) = preSolution
		Debug|Any CPU = Debug|Any CPU
		Release|Any CPU = Release|Any CPU
	EndGlobalSection
	GlobalSection(ProjectConfigurationPlatforms) = postSolution
		{3B0113DD-C994-4711-9867-2BBAA090E8DC}.Debug|Any CPU.ActiveCfg = Debug|Any CPU
		{3B0113DD-C994-4711-9867-2BBAA090E8DC}.Debug|Any CPU.Build.0 = Debug|Any CPU
		{3B0113DD-C994-4711-9867-2BBAA090E8DC}.Release|Any CPU.ActiveCfg = Release|Any CPU
		{3B0113DD-C994-4711-9867-2BBAA090E8DC}.Release|Any CPU.Build.0 = Release|Any CPU
		{0485D9CA-FAC6-4E9B-8D26-C9A6F1B19458}.Debug|Any CPU.ActiveCfg = Debug|Any CPU
		{0485D9CA-FAC6-4E9B-8D26-C9A6F1B19458}.Debug|Any CPU.Build.0 = Debug|Any CPU
		{0485D9CA-FAC6-4E9B-8D26-C9A6F1B19458}.Release|Any CPU.ActiveCfg = Release|Any CPU
		{0485D9CA-FAC6-4E9B-8D26-C9A6F1B19458}.Release|Any CPU.Build.0 = Release|Any CPU
	EndGlobalSection
	GlobalSection(SolutionProperties) = preSolution
		HideSolutionNode = FALSE
	EndGlobalSection
	GlobalSection(ExtensibilityGlobals) = postSolution
		SolutionGuid = {9AB3E90A-4FCC-402C-BF74-A755784A53CC}
	EndGlobalSection
EndGlobal
